
Microsoft Visual Studio Solution File, Format Version 12.00
Project("{FAE04EC0-301F-11D3-BF4B-00C04F79EFBC}") = "Labsheet09_edit", "Labsheet09_edit\Labsheet09_edit.csproj", "{8E0166CA-DFEA-432D-BD67-08D40FC06AAD}"
EndProject
Project("{FAE04EC0-301F-11D3-BF4B-00C04F79EFBC}") = "MethodExample1", "MethodExample1\MethodExample1.csproj", "{1BC54D29-9562-43E2-A36E-D2DFC68325E3}"
EndProject
Project("{FAE04EC0-301F-11D3-BF4B-00C04F79EFBC}") = "MethodExample2", "MethodExample2\MethodExample2.csproj", "{110A68EF-7525-4AD9-A710-E544F536D994}"
EndProject
Project("{FAE04EC0-301F-11D3-BF4B-00C04F79EFBC}") = "MethodExample3", "MethodExample3\MethodExample3.csproj", "{53E79598-429D-4137-98E3-4F21D5257C09}"
EndProject
Project("{FAE04EC0-301F-11D3-BF4B-00C04F79EFBC}") = "Method01_CalculateFactorial", "Method01_CalculateFactorial\Method01_CalculateFactorial.csproj", "{7D0ED2E3-F926-4985-8FA6-F963B12FA1F3}"
EndProject
Project("{FAE04EC0-301F-11D3-BF4B-00C04F79EFBC}") = "Method02_CalculateNumber", "Method02_CalculateNumber\Method02_CalculateNumber.csproj", "{67D411B0-AAFE-4EF6-B406-16CED8BE9D05}"
EndProject
Project("{FAE04EC0-301F-11D3-BF4B-00C04F79EFBC}") = "Method03_ExamResult", "Method03_ExamResult\Method03_ExamResult.csproj", "{F6E7EBC8-68D9-44A4-81DB-74FE1EA4BA7B}"
EndProject
Project("{FAE04EC0-301F-11D3-BF4B-00C04F79EFBC}") = "Method04_TemperatureConverter", "Method04_TemperatureConverter\Method04_TemperatureConverter.csproj", "{C6430415-F220-4CE9-86B7-0FD78339E024}"
EndProject
Project("{FAE04EC0-301F-11D3-BF4B-00C04F79EFBC}") = "Method05_Statistics", "Method05_Statistics\Method05_Statistics.csproj", "{8D3D33C3-92DC-4276-A095-83D98DAB0C4B}"
EndProject
Project("{FAE04EC0-301F-11D3-BF4B-00C04F79EFBC}") = "Method06_BmiCategory", "Method06_BmiCategory\Method06_BmiCategory.csproj", "{EABD35D7-52B2-4D5F-9172-970FA4F5B1AD}"
EndProject
Global
	GlobalSection(SolutionConfigurationPlatforms) = preSolution
		Debug|Any CPU = Debug|Any CPU
		Release|Any CPU = Release|Any CPU
	EndGlobalSection
	GlobalSection(ProjectConfigurationPlatforms) = postSolution
		{8E0166CA-DFEA-432D-BD67-08D40FC06AAD}.Debug|Any CPU.ActiveCfg = Debug|Any CPU
		{8E0166CA-DFEA-432D-BD67-08D40FC06AAD}.Debug|Any CPU.Build.0 = Debug|Any CPU
		{8E0166CA-DFEA-432D-BD67-08D40FC06AAD}.Release|Any CPU.ActiveCfg = Release|Any CPU
		{8E0166CA-DFEA-432D-BD67-08D40FC06AAD}.Release|Any CPU.Build.0 = Release|Any CPU
		{1BC54D29-9562-43E2-A36E-D2DFC68325E3}.Debug|Any CPU.ActiveCfg = Debug|Any CPU
		{1BC54D29-9562-43E2-A36E-D2DFC68325E3}.Debug|Any CPU.Build.0 = Debug|Any CPU
		{1BC54D29-9562-43E2-A36E-D2DFC68325E3}.Release|Any CPU.ActiveCfg = Release|Any CPU
		{1BC54D29-9562-43E2-A36E-D2DFC68325E3}.Release|Any CPU.Build.0 = Release|Any CPU
		{110A68EF-7525-4AD9-A710-E544F536D994}.Debug|Any CPU.ActiveCfg = Debug|Any CPU
		{110A68EF-7525-4AD9-A710-E544F536D994}.Debug|Any CPU.Build.0 = Debug|Any CPU
		{110A68EF-7525-4AD9-A710-E544F536D994}.Release|Any CPU.ActiveCfg = Release|Any CPU
		{110A68EF-7525-4AD9-A710-E544F536D994}.Release|Any CPU.Build.0 = Release|Any CPU
		{53E79598-429D-4137-98E3-4F21D5257C09}.Debug|Any CPU.ActiveCfg = Debug|Any CPU
		{53E79598-429D-4137-98E3-4F21D5257C09}.Debug|Any CPU.Build.0 = Debug|Any CPU
		{53E79598-429D-4137-98E3-4F21D5257C09}.Release|Any CPU.ActiveCfg = Release|Any CPU
		{53E79598-429D-4137-98E3-4F21D5257C09}.Release|Any CPU.Build.0 = Release|Any CPU
		{7D0ED2E3-F926-4985-8FA6-F963B12FA1F3}.Debug|Any CPU.ActiveCfg = Debug|Any CPU
		{7D0ED2E3-F926-4985-8FA6-F963B12FA1F3}.Debug|Any CPU.Build.0 = Debug|Any CPU
		{7D0ED2E3-F926-4985-8FA6-F963B12FA1F3}.Release|Any CPU.ActiveCfg = Release|Any CPU
		{7D0ED2E3-F926-4985-8FA6-F963B12FA1F3}.Release|Any CPU.Build.0 = Release|Any CPU
		{67D411B0-AAFE-4EF6-B406-16CED8BE9D05}.Debug|Any CPU.ActiveCfg = Debug|Any CPU
		{67D411B0-AAFE-4EF6-B406-16CED8BE9D05}.Debug|Any CPU.Build.0 = Debug|Any CPU
		{67D411B0-AAFE-4EF6-B406-16CED8BE9D05}.Release|Any CPU.ActiveCfg = Release|Any CPU
		{67D411B0-AAFE-4EF6-B406-16CED8BE9D05}.Release|Any CPU.Build.0 = Release|Any CPU
		{F6E7EBC8-68D9-44A4-81DB-74FE1EA4BA7B}.Debug|Any CPU.ActiveCfg = Debug|Any CPU
		{F6E7EBC8-68D9-44A4-81DB-74FE1EA4BA7B}.Debug|Any CPU.Build.0 = Debug|Any CPU
		{F6E7EBC8-68D9-44A4-81DB-74FE1EA4BA7B}.Release|Any CPU.ActiveCfg = Release|Any CPU
		{F6E7EBC8-68D9-44A4-81DB-74FE1EA4BA7B}.Release|Any CPU.Build.0 = Release|Any CPU
		{C6430415-F220-4CE9-86B7-0FD78339E024}.Debug|Any CPU.ActiveCfg = Debug|Any CPU
		{C6430415-F220-4CE9-86B7-0FD78339E024}.Debug|Any CPU.Build.0 = Debug|Any CPU
		{C6430415-F220-4CE9-86B7-0FD78339E024}.Release|Any CPU.ActiveCfg = Release|Any CPU
		{C6430415-F220-4CE9-86B7-0FD78339E024}.Release|Any CPU.Build.0 = Release|Any CPU
		{8D3D33C3-92DC-4276-A095-83D98DAB0C4B}.Debug|Any CPU.ActiveCfg = Debug|Any CPU
		{8D3D33C3-92DC-4276-A095-83D98DAB0C4B}.Debug|Any CPU.Build.0 = Debug|Any CPU
		{8D3D33C3-92DC-4276-A095-83D98DAB0C4B}.Release|Any CPU.ActiveCfg = Release|Any CPU
		{8D3D33C3-92DC-4276-A095-83D98DAB0C4B}.Release|Any CPU.Build.0 = Release|Any CPU
		{EABD35D7-52B2-4D5F-9172-970FA4F5B1AD}.Debug|Any CPU.ActiveCfg = Debug|Any CPU
		{EABD35D7-52B2-4D5F-9172-970FA4F5B1AD}.Debug|Any CPU.Build.0 = Debug|Any CPU
		{EABD35D7-52B2-4D5F-9172-970FA4F5B1AD}.Release|Any CPU.ActiveCfg = Release|Any CPU
		{EABD35D7-52B2-4D5F-9172-970FA4F5B1AD}.Release|Any CPU.Build.0 = Release|Any CPU
	EndGlobalSection
EndGlobal
